
Microsoft Visual Studio Solution File, Format Version 12.00
# Visual Studio Version 16
VisualStudioVersion = 16.0.30907.101
MinimumVisualStudioVersion = 10.0.40219.1
Project("{FAE04EC0-301F-11D3-BF4B-00C04F79EFBC}") = "TestIdeas", "TestIdeas\TestIdeas.csproj", "{7D8C96FF-B3CB-481F-B621-B0E4B521E32F}"
EndProject
Project("{FAE04EC0-301F-11D3-BF4B-00C04F79EFBC}") = "GetAADAuthToken", "GetAADAuthToken\GetAADAuthToken.csproj", "{EB0B6E1F-7276-4305-9620-AE78DCC16E52}"
EndProject
Global
	GlobalSection(SolutionConfigurationPlatforms) = preSolution
		Debug|Any CPU = Debug|Any CPU
		Release|Any CPU = Release|Any CPU
	EndGlobalSection
	GlobalSection(ProjectConfigurationPlatforms) = postSolution
		{7D8C96FF-B3CB-481F-B621-B0E4B521E32F}.Debug|Any CPU.ActiveCfg = Debug|Any CPU
		{7D8C96FF-B3CB-481F-B621-B0E4B521E32F}.Debug|Any CPU.Build.0 = Debug|Any CPU
		{7D8C96FF-B3CB-481F-B621-B0E4B521E32F}.Release|Any CPU.ActiveCfg = Release|Any CPU
		{7D8C96FF-B3CB-481F-B621-B0E4B521E32F}.Release|Any CPU.Build.0 = Release|Any CPU
		{EB0B6E1F-7276-4305-9620-AE78DCC16E52}.Debug|Any CPU.ActiveCfg = Debug|Any CPU
		{EB0B6E1F-7276-4305-9620-AE78DCC16E52}.Debug|Any CPU.Build.0 = Debug|Any CPU
		{EB0B6E1F-7276-4305-9620-AE78DCC16E52}.Release|Any CPU.ActiveCfg = Release|Any CPU
		{EB0B6E1F-7276-4305-9620-AE78DCC16E52}.Release|Any CPU.Build.0 = Release|Any CPU
	EndGlobalSection
	GlobalSection(SolutionProperties) = preSolution
		HideSolutionNode = FALSE
	EndGlobalSection
	GlobalSection(ExtensibilityGlobals) = postSolution
		SolutionGuid = {FB026777-A902-455D-9874-674D1E125CC9}
	EndGlobalSection
EndGlobal
